
Microsoft Visual Studio Solution File, Format Version 12.00
# Visual Studio Version 16
VisualStudioVersion = 16.0.30011.22
MinimumVisualStudioVersion = 10.0.40219.1
Project("{FAE04EC0-301F-11D3-BF4B-00C04F79EFBC}") = "NoiseCancellationTestApp", "NoiseCancellationTestApp\NoiseCancellationTestApp.csproj", "{4A51972A-AFD1-4B1C-A0BF-2344CA10AD1A}"
EndProject
Project("{FAE04EC0-301F-11D3-BF4B-00C04F79EFBC}") = "SoundLib", "SoundLib\SoundLib.csproj", "{2881116C-1CD9-4CA9-9355-809811662E9E}"
EndProject
Global
	GlobalSection(SolutionConfigurationPlatforms) = preSolution
		Debug|Any CPU = Debug|Any CPU
		Release|Any CPU = Release|Any CPU
	EndGlobalSection
	GlobalSection(ProjectConfigurationPlatforms) = postSolution
		{4A51972A-AFD1-4B1C-A0BF-2344CA10AD1A}.Debug|Any CPU.ActiveCfg = Debug|Any CPU
		{4A51972A-AFD1-4B1C-A0BF-2344CA10AD1A}.Debug|Any CPU.Build.0 = Debug|Any CPU
		{4A51972A-AFD1-4B1C-A0BF-2344CA10AD1A}.Release|Any CPU.ActiveCfg = Release|Any CPU
		{4A51972A-AFD1-4B1C-A0BF-2344CA10AD1A}.Release|Any CPU.Build.0 = Release|Any CPU
		{2881116C-1CD9-4CA9-9355-809811662E9E}.Debug|Any CPU.ActiveCfg = Debug|Any CPU
		{2881116C-1CD9-4CA9-9355-809811662E9E}.Debug|Any CPU.Build.0 = Debug|Any CPU
		{2881116C-1CD9-4CA9-9355-809811662E9E}.Release|Any CPU.ActiveCfg = Release|Any CPU
		{2881116C-1CD9-4CA9-9355-809811662E9E}.Release|Any CPU.Build.0 = Release|Any CPU
	EndGlobalSection
	GlobalSection(SolutionProperties) = preSolution
		HideSolutionNode = FALSE
	EndGlobalSection
	GlobalSection(ExtensibilityGlobals) = postSolution
		SolutionGuid = {614DCF79-59C4-4C3F-B8C1-F76FA870B7AB}
	EndGlobalSection
EndGlobal
